// !$*UTF8*$!
{
	archiveVersion = 1;
	classes = {
	};
	objectVersion = 56;
	objects = {

/* Begin PBXBuildFile section */
		6429F71F2B639C560059688C /* SessionManager.swift in Sources */ = {isa = PBXBuildFile; fileRef = 6429F71E2B639C560059688C /* SessionManager.swift */; };
		6429F7232B639CA00059688C /* Enviroment.swift in Sources */ = {isa = PBXBuildFile; fileRef = 6429F7222B639CA00059688C /* Enviroment.swift */; };
		6429F7252B639D730059688C /* SessionRoute.swift in Sources */ = {isa = PBXBuildFile; fileRef = 6429F7242B639D730059688C /* SessionRoute.swift */; };
		6429F7272B639DF50059688C /* SessionError.swift in Sources */ = {isa = PBXBuildFile; fileRef = 6429F7262B639DF50059688C /* SessionError.swift */; };
		6429F7292B63A84D0059688C /* LoginRoute.swift in Sources */ = {isa = PBXBuildFile; fileRef = 6429F7282B63A84D0059688C /* LoginRoute.swift */; };
		644734D92B4DAB3700C38593 /* LoginView.swift in Sources */ = {isa = PBXBuildFile; fileRef = 644734D82B4DAB3700C38593 /* LoginView.swift */; };
		6468B7782B3D6C36000C7C02 /* LearniOSApp.swift in Sources */ = {isa = PBXBuildFile; fileRef = 6468B7772B3D6C36000C7C02 /* LearniOSApp.swift */; };
		6468B77A2B3D6C36000C7C02 /* ContentView.swift in Sources */ = {isa = PBXBuildFile; fileRef = 6468B7792B3D6C36000C7C02 /* ContentView.swift */; };
		6468B77C2B3D6C37000C7C02 /* Assets.xcassets in Resources */ = {isa = PBXBuildFile; fileRef = 6468B77B2B3D6C37000C7C02 /* Assets.xcassets */; };
		6468B77F2B3D6C37000C7C02 /* Preview Assets.xcassets in Resources */ = {isa = PBXBuildFile; fileRef = 6468B77E2B3D6C37000C7C02 /* Preview Assets.xcassets */; };
		6468B7892B3D6C37000C7C02 /* LearniOSTests.swift in Sources */ = {isa = PBXBuildFile; fileRef = 6468B7882B3D6C37000C7C02 /* LearniOSTests.swift */; };
		6468B7932B3D6C37000C7C02 /* LearniOSUITests.swift in Sources */ = {isa = PBXBuildFile; fileRef = 6468B7922B3D6C37000C7C02 /* LearniOSUITests.swift */; };
		6468B7952B3D6C37000C7C02 /* LearniOSUITestsLaunchTests.swift in Sources */ = {isa = PBXBuildFile; fileRef = 6468B7942B3D6C37000C7C02 /* LearniOSUITestsLaunchTests.swift */; };
		6468B7A72B3D6E96000C7C02 /* LoginViewStore.swift in Sources */ = {isa = PBXBuildFile; fileRef = 6468B7A62B3D6E96000C7C02 /* LoginViewStore.swift */; };
		6468B7A92B3D6EC1000C7C02 /* LoginViewModelDelegate.swift in Sources */ = {isa = PBXBuildFile; fileRef = 6468B7A82B3D6EC1000C7C02 /* LoginViewModelDelegate.swift */; };
		6468B7AF2B3D706E000C7C02 /* LoginViewModelTests.swift in Sources */ = {isa = PBXBuildFile; fileRef = 6468B7AE2B3D706E000C7C02 /* LoginViewModelTests.swift */; };
		6468B7B12B3D776A000C7C02 /* LoginRequestModel.swift in Sources */ = {isa = PBXBuildFile; fileRef = 6468B7B02B3D776A000C7C02 /* LoginRequestModel.swift */; };
		6472DDCD2B6F5082005B433F /* ProductListView.swift in Sources */ = {isa = PBXBuildFile; fileRef = 6472DDCC2B6F5082005B433F /* ProductListView.swift */; };
		6472DDD02B6F6C35005B433F /* Constants.swift in Sources */ = {isa = PBXBuildFile; fileRef = 6472DDCF2B6F6C35005B433F /* Constants.swift */; };
		64BBE3A62B5B9B7B00A684CE /* LoginResponseModel.swift in Sources */ = {isa = PBXBuildFile; fileRef = 64BBE3A52B5B9B7B00A684CE /* LoginResponseModel.swift */; };
		64BBE3A82B5B9B9B00A684CE /* BaseResponseModel.swift in Sources */ = {isa = PBXBuildFile; fileRef = 64BBE3A72B5B9B9B00A684CE /* BaseResponseModel.swift */; };
		64BBE3AB2B5B9F8C00A684CE /* loginResponse.json in Resources */ = {isa = PBXBuildFile; fileRef = 64BBE3AA2B5B9F8C00A684CE /* loginResponse.json */; };
		64BBE3AD2B5BA15C00A684CE /* loginResponse1.json in Resources */ = {isa = PBXBuildFile; fileRef = 64BBE3AC2B5BA15C00A684CE /* loginResponse1.json */; };
		64BBE3AF2B5BA17600A684CE /* emptyResponse.json in Resources */ = {isa = PBXBuildFile; fileRef = 64BBE3AE2B5BA17600A684CE /* emptyResponse.json */; };
		64BBE3B12B5BA19000A684CE /* baseResponseWithoutData.json in Resources */ = {isa = PBXBuildFile; fileRef = 64BBE3B02B5BA19000A684CE /* baseResponseWithoutData.json */; };
		64BBE3B32B5BA21400A684CE /* Parser.swift in Sources */ = {isa = PBXBuildFile; fileRef = 64BBE3B22B5BA21400A684CE /* Parser.swift */; };
		64C6F9662B65558B00B2350D /* MethodType.swift in Sources */ = {isa = PBXBuildFile; fileRef = 64C6F9652B65558B00B2350D /* MethodType.swift */; };
		64C6F9682B6555AA00B2350D /* StatusCode.swift in Sources */ = {isa = PBXBuildFile; fileRef = 64C6F9672B6555AA00B2350D /* StatusCode.swift */; };
/* End PBXBuildFile section */

/* Begin PBXContainerItemProxy section */
		6468B7852B3D6C37000C7C02 /* PBXContainerItemProxy */ = {
			isa = PBXContainerItemProxy;
			containerPortal = 6468B76C2B3D6C36000C7C02 /* Project object */;
			proxyType = 1;
			remoteGlobalIDString = 6468B7732B3D6C36000C7C02;
			remoteInfo = LearniOS;
		};
		6468B78F2B3D6C37000C7C02 /* PBXContainerItemProxy */ = {
			isa = PBXContainerItemProxy;
			containerPortal = 6468B76C2B3D6C36000C7C02 /* Project object */;
			proxyType = 1;
			remoteGlobalIDString = 6468B7732B3D6C36000C7C02;
			remoteInfo = LearniOS;
		};
/* End PBXContainerItemProxy section */

/* Begin PBXFileReference section */
		6429F71E2B639C560059688C /* SessionManager.swift */ = {isa = PBXFileReference; lastKnownFileType = sourcecode.swift; path = SessionManager.swift; sourceTree = "<group>"; };
		6429F7222B639CA00059688C /* Enviroment.swift */ = {isa = PBXFileReference; lastKnownFileType = sourcecode.swift; path = Enviroment.swift; sourceTree = "<group>"; };
		6429F7242B639D730059688C /* SessionRoute.swift */ = {isa = PBXFileReference; lastKnownFileType = sourcecode.swift; path = SessionRoute.swift; sourceTree = "<group>"; };
		6429F7262B639DF50059688C /* SessionError.swift */ = {isa = PBXFileReference; lastKnownFileType = sourcecode.swift; path = SessionError.swift; sourceTree = "<group>"; };
		6429F7282B63A84D0059688C /* LoginRoute.swift */ = {isa = PBXFileReference; lastKnownFileType = sourcecode.swift; path = LoginRoute.swift; sourceTree = "<group>"; };
		644734D82B4DAB3700C38593 /* LoginView.swift */ = {isa = PBXFileReference; lastKnownFileType = sourcecode.swift; path = LoginView.swift; sourceTree = "<group>"; };
		6468B7742B3D6C36000C7C02 /* LearniOS.app */ = {isa = PBXFileReference; explicitFileType = wrapper.application; includeInIndex = 0; path = LearniOS.app; sourceTree = BUILT_PRODUCTS_DIR; };
		6468B7772B3D6C36000C7C02 /* LearniOSApp.swift */ = {isa = PBXFileReference; lastKnownFileType = sourcecode.swift; path = LearniOSApp.swift; sourceTree = "<group>"; };
		6468B7792B3D6C36000C7C02 /* ContentView.swift */ = {isa = PBXFileReference; lastKnownFileType = sourcecode.swift; path = ContentView.swift; sourceTree = "<group>"; };
		6468B77B2B3D6C37000C7C02 /* Assets.xcassets */ = {isa = PBXFileReference; lastKnownFileType = folder.assetcatalog; path = Assets.xcassets; sourceTree = "<group>"; };
		6468B77E2B3D6C37000C7C02 /* Preview Assets.xcassets */ = {isa = PBXFileReference; lastKnownFileType = folder.assetcatalog; path = "Preview Assets.xcassets"; sourceTree = "<group>"; };
		6468B7842B3D6C37000C7C02 /* LearniOSTests.xctest */ = {isa = PBXFileReference; explicitFileType = wrapper.cfbundle; includeInIndex = 0; path = LearniOSTests.xctest; sourceTree = BUILT_PRODUCTS_DIR; };
		6468B7882B3D6C37000C7C02 /* LearniOSTests.swift */ = {isa = PBXFileReference; lastKnownFileType = sourcecode.swift; path = LearniOSTests.swift; sourceTree = "<group>"; };
		6468B78E2B3D6C37000C7C02 /* LearniOSUITests.xctest */ = {isa = PBXFileReference; explicitFileType = wrapper.cfbundle; includeInIndex = 0; path = LearniOSUITests.xctest; sourceTree = BUILT_PRODUCTS_DIR; };
		6468B7922B3D6C37000C7C02 /* LearniOSUITests.swift */ = {isa = PBXFileReference; lastKnownFileType = sourcecode.swift; path = LearniOSUITests.swift; sourceTree = "<group>"; };
		6468B7942B3D6C37000C7C02 /* LearniOSUITestsLaunchTests.swift */ = {isa = PBXFileReference; lastKnownFileType = sourcecode.swift; path = LearniOSUITestsLaunchTests.swift; sourceTree = "<group>"; };
		6468B7A62B3D6E96000C7C02 /* LoginViewStore.swift */ = {isa = PBXFileReference; lastKnownFileType = sourcecode.swift; path = LoginViewStore.swift; sourceTree = "<group>"; };
		6468B7A82B3D6EC1000C7C02 /* LoginViewModelDelegate.swift */ = {isa = PBXFileReference; lastKnownFileType = sourcecode.swift; path = LoginViewModelDelegate.swift; sourceTree = "<group>"; };
		6468B7AE2B3D706E000C7C02 /* LoginViewModelTests.swift */ = {isa = PBXFileReference; lastKnownFileType = sourcecode.swift; path = LoginViewModelTests.swift; sourceTree = "<group>"; };
		6468B7B02B3D776A000C7C02 /* LoginRequestModel.swift */ = {isa = PBXFileReference; lastKnownFileType = sourcecode.swift; path = LoginRequestModel.swift; sourceTree = "<group>"; };
		6472DDCC2B6F5082005B433F /* ProductListView.swift */ = {isa = PBXFileReference; lastKnownFileType = sourcecode.swift; path = ProductListView.swift; sourceTree = "<group>"; };
		6472DDCF2B6F6C35005B433F /* Constants.swift */ = {isa = PBXFileReference; lastKnownFileType = sourcecode.swift; path = Constants.swift; sourceTree = "<group>"; };
		64BBE3A52B5B9B7B00A684CE /* LoginResponseModel.swift */ = {isa = PBXFileReference; lastKnownFileType = sourcecode.swift; path = LoginResponseModel.swift; sourceTree = "<group>"; };
		64BBE3A72B5B9B9B00A684CE /* BaseResponseModel.swift */ = {isa = PBXFileReference; lastKnownFileType = sourcecode.swift; path = BaseResponseModel.swift; sourceTree = "<group>"; };
		64BBE3AA2B5B9F8C00A684CE /* loginResponse.json */ = {isa = PBXFileReference; fileEncoding = 4; lastKnownFileType = text.json; path = loginResponse.json; sourceTree = "<group>"; };
		64BBE3AC2B5BA15C00A684CE /* loginResponse1.json */ = {isa = PBXFileReference; lastKnownFileType = text.json; path = loginResponse1.json; sourceTree = "<group>"; };
		64BBE3AE2B5BA17600A684CE /* emptyResponse.json */ = {isa = PBXFileReference; lastKnownFileType = text.json; path = emptyResponse.json; sourceTree = "<group>"; };
		64BBE3B02B5BA19000A684CE /* baseResponseWithoutData.json */ = {isa = PBXFileReference; lastKnownFileType = text.json; path = baseResponseWithoutData.json; sourceTree = "<group>"; };
		64BBE3B22B5BA21400A684CE /* Parser.swift */ = {isa = PBXFileReference; lastKnownFileType = sourcecode.swift; path = Parser.swift; sourceTree = "<group>"; };
		64C6F9652B65558B00B2350D /* MethodType.swift */ = {isa = PBXFileReference; lastKnownFileType = sourcecode.swift; path = MethodType.swift; sourceTree = "<group>"; };
		64C6F9672B6555AA00B2350D /* StatusCode.swift */ = {isa = PBXFileReference; lastKnownFileType = sourcecode.swift; path = StatusCode.swift; sourceTree = "<group>"; };
/* End PBXFileReference section */

/* Begin PBXFrameworksBuildPhase section */
		6468B7712B3D6C36000C7C02 /* Frameworks */ = {
			isa = PBXFrameworksBuildPhase;
			buildActionMask = 2147483647;
			files = (
			);
			runOnlyForDeploymentPostprocessing = 0;
		};
		6468B7812B3D6C37000C7C02 /* Frameworks */ = {
			isa = PBXFrameworksBuildPhase;
			buildActionMask = 2147483647;
			files = (
			);
			runOnlyForDeploymentPostprocessing = 0;
		};
		6468B78B2B3D6C37000C7C02 /* Frameworks */ = {
			isa = PBXFrameworksBuildPhase;
			buildActionMask = 2147483647;
			files = (
			);
			runOnlyForDeploymentPostprocessing = 0;
		};
/* End PBXFrameworksBuildPhase section */

/* Begin PBXGroup section */
		6429F71C2B639B0B0059688C /* Utilities */ = {
			isa = PBXGroup;
			children = (
				6472DDCE2B6F6C26005B433F /* Constants */,
				6429F71D2B639B1B0059688C /* SessionManager */,
			);
			path = Utilities;
			sourceTree = "<group>";
		};
		6429F71D2B639B1B0059688C /* SessionManager */ = {
			isa = PBXGroup;
			children = (
				6429F7212B639C900059688C /* Models */,
				6429F7202B639C890059688C /* ViewModel */,
			);
			path = SessionManager;
			sourceTree = "<group>";
		};
		6429F7202B639C890059688C /* ViewModel */ = {
			isa = PBXGroup;
			children = (
				6429F71E2B639C560059688C /* SessionManager.swift */,
			);
			path = ViewModel;
			sourceTree = "<group>";
		};
		6429F7212B639C900059688C /* Models */ = {
			isa = PBXGroup;
			children = (
				64C6F9672B6555AA00B2350D /* StatusCode.swift */,
				6429F7262B639DF50059688C /* SessionError.swift */,
				64C6F9652B65558B00B2350D /* MethodType.swift */,
				6429F7242B639D730059688C /* SessionRoute.swift */,
				6429F7222B639CA00059688C /* Enviroment.swift */,
			);
			path = Models;
			sourceTree = "<group>";
		};
		6468B76B2B3D6C36000C7C02 = {
			isa = PBXGroup;
			children = (
				6468B7762B3D6C36000C7C02 /* LearniOS */,
				6468B7872B3D6C37000C7C02 /* LearniOSTests */,
				6468B7912B3D6C37000C7C02 /* LearniOSUITests */,
				6468B7752B3D6C36000C7C02 /* Products */,
			);
			sourceTree = "<group>";
		};
		6468B7752B3D6C36000C7C02 /* Products */ = {
			isa = PBXGroup;
			children = (
				6468B7742B3D6C36000C7C02 /* LearniOS.app */,
				6468B7842B3D6C37000C7C02 /* LearniOSTests.xctest */,
				6468B78E2B3D6C37000C7C02 /* LearniOSUITests.xctest */,
			);
			name = Products;
			sourceTree = "<group>";
		};
		6468B7762B3D6C36000C7C02 /* LearniOS */ = {
			isa = PBXGroup;
			children = (
				6429F71C2B639B0B0059688C /* Utilities */,
				6468B7A12B3D6E65000C7C02 /* Features */,
				6468B7772B3D6C36000C7C02 /* LearniOSApp.swift */,
				6468B7792B3D6C36000C7C02 /* ContentView.swift */,
				6468B77B2B3D6C37000C7C02 /* Assets.xcassets */,
				6468B77D2B3D6C37000C7C02 /* Preview Content */,
			);
			path = LearniOS;
			sourceTree = "<group>";
		};
		6468B77D2B3D6C37000C7C02 /* Preview Content */ = {
			isa = PBXGroup;
			children = (
				6468B77E2B3D6C37000C7C02 /* Preview Assets.xcassets */,
			);
			path = "Preview Content";
			sourceTree = "<group>";
		};
		6468B7872B3D6C37000C7C02 /* LearniOSTests */ = {
			isa = PBXGroup;
			children = (
				6468B7AA2B3D7030000C7C02 /* FeaturesTests */,
				6468B7882B3D6C37000C7C02 /* LearniOSTests.swift */,
				64BBE3B22B5BA21400A684CE /* Parser.swift */,
			);
			path = LearniOSTests;
			sourceTree = "<group>";
		};
		6468B7912B3D6C37000C7C02 /* LearniOSUITests */ = {
			isa = PBXGroup;
			children = (
				6468B7922B3D6C37000C7C02 /* LearniOSUITests.swift */,
				6468B7942B3D6C37000C7C02 /* LearniOSUITestsLaunchTests.swift */,
			);
			path = LearniOSUITests;
			sourceTree = "<group>";
		};
		6468B7A12B3D6E65000C7C02 /* Features */ = {
			isa = PBXGroup;
			children = (
				6472DDCA2B6F5066005B433F /* ProductList */,
				6468B7A22B3D6E6D000C7C02 /* Login */,
			);
			path = Features;
			sourceTree = "<group>";
		};
		6468B7A22B3D6E6D000C7C02 /* Login */ = {
			isa = PBXGroup;
			children = (
				6468B7A52B3D6E80000C7C02 /* ViewModel */,
				6468B7A42B3D6E7B000C7C02 /* View */,
				6468B7A32B3D6E76000C7C02 /* Model */,
			);
			path = Login;
			sourceTree = "<group>";
		};
		6468B7A32B3D6E76000C7C02 /* Model */ = {
			isa = PBXGroup;
			children = (
				6429F7282B63A84D0059688C /* LoginRoute.swift */,
				6468B7A82B3D6EC1000C7C02 /* LoginViewModelDelegate.swift */,
				6468B7B02B3D776A000C7C02 /* LoginRequestModel.swift */,
				64BBE3A52B5B9B7B00A684CE /* LoginResponseModel.swift */,
				64BBE3A72B5B9B9B00A684CE /* BaseResponseModel.swift */,
			);
			path = Model;
			sourceTree = "<group>";
		};
		6468B7A42B3D6E7B000C7C02 /* View */ = {
			isa = PBXGroup;
			children = (
				644734D82B4DAB3700C38593 /* LoginView.swift */,
			);
			path = View;
			sourceTree = "<group>";
		};
		6468B7A52B3D6E80000C7C02 /* ViewModel */ = {
			isa = PBXGroup;
			children = (
				6468B7A62B3D6E96000C7C02 /* LoginViewStore.swift */,
			);
			path = ViewModel;
			sourceTree = "<group>";
		};
		6468B7AA2B3D7030000C7C02 /* FeaturesTests */ = {
			isa = PBXGroup;
			children = (
				6468B7AB2B3D7042000C7C02 /* LoginTests */,
			);
			path = FeaturesTests;
			sourceTree = "<group>";
		};
		6468B7AB2B3D7042000C7C02 /* LoginTests */ = {
			isa = PBXGroup;
			children = (
				6468B7AC2B3D7057000C7C02 /* ViewModelTests */,
			);
			path = LoginTests;
			sourceTree = "<group>";
		};
		6468B7AC2B3D7057000C7C02 /* ViewModelTests */ = {
			isa = PBXGroup;
			children = (
				64BBE3A92B5B9F7900A684CE /* LoginResponseMocks */,
				6468B7AE2B3D706E000C7C02 /* LoginViewModelTests.swift */,
			);
			path = ViewModelTests;
			sourceTree = "<group>";
		};
		6472DDCA2B6F5066005B433F /* ProductList */ = {
			isa = PBXGroup;
			children = (
				6472DDCB2B6F5072005B433F /* View */,
			);
			path = ProductList;
			sourceTree = "<group>";
		};
		6472DDCB2B6F5072005B433F /* View */ = {
			isa = PBXGroup;
			children = (
				6472DDCC2B6F5082005B433F /* ProductListView.swift */,
			);
			path = View;
			sourceTree = "<group>";
		};
		6472DDCE2B6F6C26005B433F /* Constants */ = {
			isa = PBXGroup;
			children = (
				6472DDCF2B6F6C35005B433F /* Constants.swift */,
			);
			path = Constants;
			sourceTree = "<group>";
		};
		64BBE3A92B5B9F7900A684CE /* LoginResponseMocks */ = {
			isa = PBXGroup;
			children = (
				64BBE3AA2B5B9F8C00A684CE /* loginResponse.json */,
				64BBE3AC2B5BA15C00A684CE /* loginResponse1.json */,
				64BBE3AE2B5BA17600A684CE /* emptyResponse.json */,
				64BBE3B02B5BA19000A684CE /* baseResponseWithoutData.json */,
			);
			path = LoginResponseMocks;
			sourceTree = "<group>";
		};
/* End PBXGroup section */

/* Begin PBXNativeTarget section */
		6468B7732B3D6C36000C7C02 /* LearniOS */ = {
			isa = PBXNativeTarget;
			buildConfigurationList = 6468B7982B3D6C37000C7C02 /* Build configuration list for PBXNativeTarget "LearniOS" */;
			buildPhases = (
				6468B7702B3D6C36000C7C02 /* Sources */,
				6468B7712B3D6C36000C7C02 /* Frameworks */,
				6468B7722B3D6C36000C7C02 /* Resources */,
			);
			buildRules = (
			);
			dependencies = (
			);
			name = LearniOS;
			productName = LearniOS;
			productReference = 6468B7742B3D6C36000C7C02 /* LearniOS.app */;
			productType = "com.apple.product-type.application";
		};
		6468B7832B3D6C37000C7C02 /* LearniOSTests */ = {
			isa = PBXNativeTarget;
			buildConfigurationList = 6468B79B2B3D6C37000C7C02 /* Build configuration list for PBXNativeTarget "LearniOSTests" */;
			buildPhases = (
				6468B7802B3D6C37000C7C02 /* Sources */,
				6468B7812B3D6C37000C7C02 /* Frameworks */,
				6468B7822B3D6C37000C7C02 /* Resources */,
			);
			buildRules = (
			);
			dependencies = (
				6468B7862B3D6C37000C7C02 /* PBXTargetDependency */,
			);
			name = LearniOSTests;
			productName = LearniOSTests;
			productReference = 6468B7842B3D6C37000C7C02 /* LearniOSTests.xctest */;
			productType = "com.apple.product-type.bundle.unit-test";
		};
		6468B78D2B3D6C37000C7C02 /* LearniOSUITests */ = {
			isa = PBXNativeTarget;
			buildConfigurationList = 6468B79E2B3D6C37000C7C02 /* Build configuration list for PBXNativeTarget "LearniOSUITests" */;
			buildPhases = (
				6468B78A2B3D6C37000C7C02 /* Sources */,
				6468B78B2B3D6C37000C7C02 /* Frameworks */,
				6468B78C2B3D6C37000C7C02 /* Resources */,
			);
			buildRules = (
			);
			dependencies = (
				6468B7902B3D6C37000C7C02 /* PBXTargetDependency */,
			);
			name = LearniOSUITests;
			productName = LearniOSUITests;
			productReference = 6468B78E2B3D6C37000C7C02 /* LearniOSUITests.xctest */;
			productType = "com.apple.product-type.bundle.ui-testing";
		};
/* End PBXNativeTarget section */

/* Begin PBXProject section */
		6468B76C2B3D6C36000C7C02 /* Project object */ = {
			isa = PBXProject;
			attributes = {
				BuildIndependentTargetsInParallel = 1;
				LastSwiftUpdateCheck = 1430;
				LastUpgradeCheck = 1430;
				TargetAttributes = {
					6468B7732B3D6C36000C7C02 = {
						CreatedOnToolsVersion = 14.3.1;
					};
					6468B7832B3D6C37000C7C02 = {
						CreatedOnToolsVersion = 14.3.1;
						TestTargetID = 6468B7732B3D6C36000C7C02;
					};
					6468B78D2B3D6C37000C7C02 = {
						CreatedOnToolsVersion = 14.3.1;
						TestTargetID = 6468B7732B3D6C36000C7C02;
					};
				};
			};
			buildConfigurationList = 6468B76F2B3D6C36000C7C02 /* Build configuration list for PBXProject "LearniOS" */;
			compatibilityVersion = "Xcode 14.0";
			developmentRegion = en;
			hasScannedForEncodings = 0;
			knownRegions = (
				en,
				Base,
			);
			mainGroup = 6468B76B2B3D6C36000C7C02;
			productRefGroup = 6468B7752B3D6C36000C7C02 /* Products */;
			projectDirPath = "";
			projectRoot = "";
			targets = (
				6468B7732B3D6C36000C7C02 /* LearniOS */,
				6468B7832B3D6C37000C7C02 /* LearniOSTests */,
				6468B78D2B3D6C37000C7C02 /* LearniOSUITests */,
			);
		};
/* End PBXProject section */

/* Begin PBXResourcesBuildPhase section */
		6468B7722B3D6C36000C7C02 /* Resources */ = {
			isa = PBXResourcesBuildPhase;
			buildActionMask = 2147483647;
			files = (
				6468B77F2B3D6C37000C7C02 /* Preview Assets.xcassets in Resources */,
				6468B77C2B3D6C37000C7C02 /* Assets.xcassets in Resources */,
			);
			runOnlyForDeploymentPostprocessing = 0;
		};
		6468B7822B3D6C37000C7C02 /* Resources */ = {
			isa = PBXResourcesBuildPhase;
			buildActionMask = 2147483647;
			files = (
				64BBE3B12B5BA19000A684CE /* baseResponseWithoutData.json in Resources */,
				64BBE3AF2B5BA17600A684CE /* emptyResponse.json in Resources */,
				64BBE3AD2B5BA15C00A684CE /* loginResponse1.json in Resources */,
				64BBE3AB2B5B9F8C00A684CE /* loginResponse.json in Resources */,
			);
			runOnlyForDeploymentPostprocessing = 0;
		};
		6468B78C2B3D6C37000C7C02 /* Resources */ = {
			isa = PBXResourcesBuildPhase;
			buildActionMask = 2147483647;
			files = (
			);
			runOnlyForDeploymentPostprocessing = 0;
		};
/* End PBXResourcesBuildPhase section */

/* Begin PBXSourcesBuildPhase section */
		6468B7702B3D6C36000C7C02 /* Sources */ = {
			isa = PBXSourcesBuildPhase;
			buildActionMask = 2147483647;
			files = (
				6429F7252B639D730059688C /* SessionRoute.swift in Sources */,
				6472DDD02B6F6C35005B433F /* Constants.swift in Sources */,
				6429F71F2B639C560059688C /* SessionManager.swift in Sources */,
				64C6F9662B65558B00B2350D /* MethodType.swift in Sources */,
				64BBE3A82B5B9B9B00A684CE /* BaseResponseModel.swift in Sources */,
				6429F7272B639DF50059688C /* SessionError.swift in Sources */,
				644734D92B4DAB3700C38593 /* LoginView.swift in Sources */,
				6429F7232B639CA00059688C /* Enviroment.swift in Sources */,
				6468B77A2B3D6C36000C7C02 /* ContentView.swift in Sources */,
				6472DDCD2B6F5082005B433F /* ProductListView.swift in Sources */,
				6468B7B12B3D776A000C7C02 /* LoginRequestModel.swift in Sources */,
				64C6F9682B6555AA00B2350D /* StatusCode.swift in Sources */,
				64BBE3A62B5B9B7B00A684CE /* LoginResponseModel.swift in Sources */,
				6468B7782B3D6C36000C7C02 /* LearniOSApp.swift in Sources */,
				6468B7A72B3D6E96000C7C02 /* LoginViewStore.swift in Sources */,
				6468B7A92B3D6EC1000C7C02 /* LoginViewModelDelegate.swift in Sources */,
				6429F7292B63A84D0059688C /* LoginRoute.swift in Sources */,
			);
			runOnlyForDeploymentPostprocessing = 0;
		};
		6468B7802B3D6C37000C7C02 /* Sources */ = {
			isa = PBXSourcesBuildPhase;
			buildActionMask = 2147483647;
			files = (
				6468B7AF2B3D706E000C7C02 /* LoginViewModelTests.swift in Sources */,
				6468B7892B3D6C37000C7C02 /* LearniOSTests.swift in Sources */,
				64BBE3B32B5BA21400A684CE /* Parser.swift in Sources */,
			);
			runOnlyForDeploymentPostprocessing = 0;
		};
		6468B78A2B3D6C37000C7C02 /* Sources */ = {
			isa = PBXSourcesBuildPhase;
			buildActionMask = 2147483647;
			files = (
				6468B7952B3D6C37000C7C02 /* LearniOSUITestsLaunchTests.swift in Sources */,
				6468B7932B3D6C37000C7C02 /* LearniOSUITests.swift in Sources */,
			);
			runOnlyForDeploymentPostprocessing = 0;
		};
/* End PBXSourcesBuildPhase section */

/* Begin PBXTargetDependency section */
		6468B7862B3D6C37000C7C02 /* PBXTargetDependency */ = {
			isa = PBXTargetDependency;
			target = 6468B7732B3D6C36000C7C02 /* LearniOS */;
			targetProxy = 6468B7852B3D6C37000C7C02 /* PBXContainerItemProxy */;
		};
		6468B7902B3D6C37000C7C02 /* PBXTargetDependency */ = {
			isa = PBXTargetDependency;
			target = 6468B7732B3D6C36000C7C02 /* LearniOS */;
			targetProxy = 6468B78F2B3D6C37000C7C02 /* PBXContainerItemProxy */;
		};
/* End PBXTargetDependency section */

/* Begin XCBuildConfiguration section */
		6468B7962B3D6C37000C7C02 /* Debug */ = {
			isa = XCBuildConfiguration;
			buildSettings = {
				ALWAYS_SEARCH_USER_PATHS = NO;
				CLANG_ANALYZER_NONNULL = YES;
				CLANG_ANALYZER_NUMBER_OBJECT_CONVERSION = YES_AGGRESSIVE;
				CLANG_CXX_LANGUAGE_STANDARD = "gnu++20";
				CLANG_ENABLE_MODULES = YES;
				CLANG_ENABLE_OBJC_ARC = YES;
				CLANG_ENABLE_OBJC_WEAK = YES;
				CLANG_WARN_BLOCK_CAPTURE_AUTORELEASING = YES;
				CLANG_WARN_BOOL_CONVERSION = YES;
				CLANG_WARN_COMMA = YES;
				CLANG_WARN_CONSTANT_CONVERSION = YES;
				CLANG_WARN_DEPRECATED_OBJC_IMPLEMENTATIONS = YES;
				CLANG_WARN_DIRECT_OBJC_ISA_USAGE = YES_ERROR;
				CLANG_WARN_DOCUMENTATION_COMMENTS = YES;
				CLANG_WARN_EMPTY_BODY = YES;
				CLANG_WARN_ENUM_CONVERSION = YES;
				CLANG_WARN_INFINITE_RECURSION = YES;
				CLANG_WARN_INT_CONVERSION = YES;
				CLANG_WARN_NON_LITERAL_NULL_CONVERSION = YES;
				CLANG_WARN_OBJC_IMPLICIT_RETAIN_SELF = YES;
				CLANG_WARN_OBJC_LITERAL_CONVERSION = YES;
				CLANG_WARN_OBJC_ROOT_CLASS = YES_ERROR;
				CLANG_WARN_QUOTED_INCLUDE_IN_FRAMEWORK_HEADER = YES;
				CLANG_WARN_RANGE_LOOP_ANALYSIS = YES;
				CLANG_WARN_STRICT_PROTOTYPES = YES;
				CLANG_WARN_SUSPICIOUS_MOVE = YES;
				CLANG_WARN_UNGUARDED_AVAILABILITY = YES_AGGRESSIVE;
				CLANG_WARN_UNREACHABLE_CODE = YES;
				CLANG_WARN__DUPLICATE_METHOD_MATCH = YES;
				COPY_PHASE_STRIP = NO;
				DEBUG_INFORMATION_FORMAT = dwarf;
				ENABLE_STRICT_OBJC_MSGSEND = YES;
				ENABLE_TESTABILITY = YES;
				GCC_C_LANGUAGE_STANDARD = gnu11;
				GCC_DYNAMIC_NO_PIC = NO;
				GCC_NO_COMMON_BLOCKS = YES;
				GCC_OPTIMIZATION_LEVEL = 0;
				GCC_PREPROCESSOR_DEFINITIONS = (
					"DEBUG=1",
					"$(inherited)",
				);
				GCC_WARN_64_TO_32_BIT_CONVERSION = YES;
				GCC_WARN_ABOUT_RETURN_TYPE = YES_ERROR;
				GCC_WARN_UNDECLARED_SELECTOR = YES;
				GCC_WARN_UNINITIALIZED_AUTOS = YES_AGGRESSIVE;
				GCC_WARN_UNUSED_FUNCTION = YES;
				GCC_WARN_UNUSED_VARIABLE = YES;
				IPHONEOS_DEPLOYMENT_TARGET = 16.4;
				MTL_ENABLE_DEBUG_INFO = INCLUDE_SOURCE;
				MTL_FAST_MATH = YES;
				ONLY_ACTIVE_ARCH = YES;
				SDKROOT = iphoneos;
				SWIFT_ACTIVE_COMPILATION_CONDITIONS = DEBUG;
				SWIFT_OPTIMIZATION_LEVEL = "-Onone";
			};
			name = Debug;
		};
		6468B7972B3D6C37000C7C02 /* Release */ = {
			isa = XCBuildConfiguration;
			buildSettings = {
				ALWAYS_SEARCH_USER_PATHS = NO;
				CLANG_ANALYZER_NONNULL = YES;
				CLANG_ANALYZER_NUMBER_OBJECT_CONVERSION = YES_AGGRESSIVE;
				CLANG_CXX_LANGUAGE_STANDARD = "gnu++20";
				CLANG_ENABLE_MODULES = YES;
				CLANG_ENABLE_OBJC_ARC = YES;
				CLANG_ENABLE_OBJC_WEAK = YES;
				CLANG_WARN_BLOCK_CAPTURE_AUTORELEASING = YES;
				CLANG_WARN_BOOL_CONVERSION = YES;
				CLANG_WARN_COMMA = YES;
				CLANG_WARN_CONSTANT_CONVERSION = YES;
				CLANG_WARN_DEPRECATED_OBJC_IMPLEMENTATIONS = YES;
				CLANG_WARN_DIRECT_OBJC_ISA_USAGE = YES_ERROR;
				CLANG_WARN_DOCUMENTATION_COMMENTS = YES;
				CLANG_WARN_EMPTY_BODY = YES;
				CLANG_WARN_ENUM_CONVERSION = YES;
				CLANG_WARN_INFINITE_RECURSION = YES;
				CLANG_WARN_INT_CONVERSION = YES;
				CLANG_WARN_NON_LITERAL_NULL_CONVERSION = YES;
				CLANG_WARN_OBJC_IMPLICIT_RETAIN_SELF = YES;
				CLANG_WARN_OBJC_LITERAL_CONVERSION = YES;
				CLANG_WARN_OBJC_ROOT_CLASS = YES_ERROR;
				CLANG_WARN_QUOTED_INCLUDE_IN_FRAMEWORK_HEADER = YES;
				CLANG_WARN_RANGE_LOOP_ANALYSIS = YES;
				CLANG_WARN_STRICT_PROTOTYPES = YES;
				CLANG_WARN_SUSPICIOUS_MOVE = YES;
				CLANG_WARN_UNGUARDED_AVAILABILITY = YES_AGGRESSIVE;
				CLANG_WARN_UNREACHABLE_CODE = YES;
				CLANG_WARN__DUPLICATE_METHOD_MATCH = YES;
				COPY_PHASE_STRIP = NO;
				DEBUG_INFORMATION_FORMAT = "dwarf-with-dsym";
				ENABLE_NS_ASSERTIONS = NO;
				ENABLE_STRICT_OBJC_MSGSEND = YES;
				GCC_C_LANGUAGE_STANDARD = gnu11;
				GCC_NO_COMMON_BLOCKS = YES;
				GCC_WARN_64_TO_32_BIT_CONVERSION = YES;
				GCC_WARN_ABOUT_RETURN_TYPE = YES_ERROR;
				GCC_WARN_UNDECLARED_SELECTOR = YES;
				GCC_WARN_UNINITIALIZED_AUTOS = YES_AGGRESSIVE;
				GCC_WARN_UNUSED_FUNCTION = YES;
				GCC_WARN_UNUSED_VARIABLE = YES;
				IPHONEOS_DEPLOYMENT_TARGET = 16.4;
				MTL_ENABLE_DEBUG_INFO = NO;
				MTL_FAST_MATH = YES;
				SDKROOT = iphoneos;
				SWIFT_COMPILATION_MODE = wholemodule;
				SWIFT_OPTIMIZATION_LEVEL = "-O";
				VALIDATE_PRODUCT = YES;
			};
			name = Release;
		};
		6468B7992B3D6C37000C7C02 /* Debug */ = {
			isa = XCBuildConfiguration;
			buildSettings = {
				ASSETCATALOG_COMPILER_APPICON_NAME = AppIcon;
				ASSETCATALOG_COMPILER_GLOBAL_ACCENT_COLOR_NAME = AccentColor;
				CODE_SIGN_STYLE = Automatic;
				CURRENT_PROJECT_VERSION = 1;
				DEVELOPMENT_ASSET_PATHS = "\"LearniOS/Preview Content\"";
				DEVELOPMENT_TEAM = QGUE5P5ZE3;
				ENABLE_PREVIEWS = YES;
				GENERATE_INFOPLIST_FILE = YES;
				INFOPLIST_KEY_UIApplicationSceneManifest_Generation = YES;
				INFOPLIST_KEY_UIApplicationSupportsIndirectInputEvents = YES;
				INFOPLIST_KEY_UILaunchScreen_Generation = YES;
				INFOPLIST_KEY_UISupportedInterfaceOrientations_iPad = "UIInterfaceOrientationPortrait UIInterfaceOrientationPortraitUpsideDown UIInterfaceOrientationLandscapeLeft UIInterfaceOrientationLandscapeRight";
				INFOPLIST_KEY_UISupportedInterfaceOrientations_iPhone = "UIInterfaceOrientationPortrait UIInterfaceOrientationLandscapeLeft UIInterfaceOrientationLandscapeRight";
				LD_RUNPATH_SEARCH_PATHS = (
					"$(inherited)",
					"@executable_path/Frameworks",
				);
				MARKETING_VERSION = 1.0;
				PRODUCT_BUNDLE_IDENTIFIER = com.naresh.LearniOS;
				PRODUCT_NAME = "$(TARGET_NAME)";
				SWIFT_EMIT_LOC_STRINGS = YES;
				SWIFT_VERSION = 5.0;
				TARGETED_DEVICE_FAMILY = "1,2";
			};
			name = Debug;
		};
		6468B79A2B3D6C37000C7C02 /* Release */ = {
			isa = XCBuildConfiguration;
			buildSettings = {
				ASSETCATALOG_COMPILER_APPICON_NAME = AppIcon;
				ASSETCATALOG_COMPILER_GLOBAL_ACCENT_COLOR_NAME = AccentColor;
				CODE_SIGN_STYLE = Automatic;
				CURRENT_PROJECT_VERSION = 1;
				DEVELOPMENT_ASSET_PATHS = "\"LearniOS/Preview Content\"";
				DEVELOPMENT_TEAM = QGUE5P5ZE3;
				ENABLE_PREVIEWS = YES;
				GENERATE_INFOPLIST_FILE = YES;
				INFOPLIST_KEY_UIApplicationSceneManifest_Generation = YES;
				INFOPLIST_KEY_UIApplicationSupportsIndirectInputEvents = YES;
				INFOPLIST_KEY_UILaunchScreen_Generation = YES;
				INFOPLIST_KEY_UISupportedInterfaceOrientations_iPad = "UIInterfaceOrientationPortrait UIInterfaceOrientationPortraitUpsideDown UIInterfaceOrientationLandscapeLeft UIInterfaceOrientationLandscapeRight";
				INFOPLIST_KEY_UISupportedInterfaceOrientations_iPhone = "UIInterfaceOrientationPortrait UIInterfaceOrientationLandscapeLeft UIInterfaceOrientationLandscapeRight";
				LD_RUNPATH_SEARCH_PATHS = (
					"$(inherited)",
					"@executable_path/Frameworks",
				);
				MARKETING_VERSION = 1.0;
				PRODUCT_BUNDLE_IDENTIFIER = com.naresh.LearniOS;
				PRODUCT_NAME = "$(TARGET_NAME)";
				SWIFT_EMIT_LOC_STRINGS = YES;
				SWIFT_VERSION = 5.0;
				TARGETED_DEVICE_FAMILY = "1,2";
			};
			name = Release;
		};
		6468B79C2B3D6C37000C7C02 /* Debug */ = {
			isa = XCBuildConfiguration;
			buildSettings = {
				ALWAYS_EMBED_SWIFT_STANDARD_LIBRARIES = YES;
				BUNDLE_LOADER = "$(TEST_HOST)";
				CODE_SIGN_STYLE = Automatic;
				CURRENT_PROJECT_VERSION = 1;
				DEVELOPMENT_TEAM = QGUE5P5ZE3;
				GENERATE_INFOPLIST_FILE = YES;
				IPHONEOS_DEPLOYMENT_TARGET = 16.4;
				MARKETING_VERSION = 1.0;
				PRODUCT_BUNDLE_IDENTIFIER = com.naresh.LearniOSTests;
				PRODUCT_NAME = "$(TARGET_NAME)";
				SWIFT_EMIT_LOC_STRINGS = NO;
				SWIFT_VERSION = 5.0;
				TARGETED_DEVICE_FAMILY = "1,2";
				TEST_HOST = "$(BUILT_PRODUCTS_DIR)/LearniOS.app/$(BUNDLE_EXECUTABLE_FOLDER_PATH)/LearniOS";
			};
			name = Debug;
		};
		6468B79D2B3D6C37000C7C02 /* Release */ = {
			isa = XCBuildConfiguration;
			buildSettings = {
				ALWAYS_EMBED_SWIFT_STANDARD_LIBRARIES = YES;
				BUNDLE_LOADER = "$(TEST_HOST)";
				CODE_SIGN_STYLE = Automatic;
				CURRENT_PROJECT_VERSION = 1;
				DEVELOPMENT_TEAM = QGUE5P5ZE3;
				GENERATE_INFOPLIST_FILE = YES;
				IPHONEOS_DEPLOYMENT_TARGET = 16.4;
				MARKETING_VERSION = 1.0;
				PRODUCT_BUNDLE_IDENTIFIER = com.naresh.LearniOSTests;
				PRODUCT_NAME = "$(TARGET_NAME)";
				SWIFT_EMIT_LOC_STRINGS = NO;
				SWIFT_VERSION = 5.0;
				TARGETED_DEVICE_FAMILY = "1,2";
				TEST_HOST = "$(BUILT_PRODUCTS_DIR)/LearniOS.app/$(BUNDLE_EXECUTABLE_FOLDER_PATH)/LearniOS";
			};
			name = Release;
		};
		6468B79F2B3D6C37000C7C02 /* Debug */ = {
			isa = XCBuildConfiguration;
			buildSettings = {
				ALWAYS_EMBED_SWIFT_STANDARD_LIBRARIES = YES;
				CODE_SIGN_STYLE = Automatic;
				CURRENT_PROJECT_VERSION = 1;
				DEVELOPMENT_TEAM = QGUE5P5ZE3;
				GENERATE_INFOPLIST_FILE = YES;
				MARKETING_VERSION = 1.0;
				PRODUCT_BUNDLE_IDENTIFIER = com.naresh.LearniOSUITests;
				PRODUCT_NAME = "$(TARGET_NAME)";
				SWIFT_EMIT_LOC_STRINGS = NO;
				SWIFT_VERSION = 5.0;
				TARGETED_DEVICE_FAMILY = "1,2";
				TEST_TARGET_NAME = LearniOS;
			};
			name = Debug;
		};
		6468B7A02B3D6C37000C7C02 /* Release */ = {
			isa = XCBuildConfiguration;
			buildSettings = {
				ALWAYS_EMBED_SWIFT_STANDARD_LIBRARIES = YES;
				CODE_SIGN_STYLE = Automatic;
				CURRENT_PROJECT_VERSION = 1;
				DEVELOPMENT_TEAM = QGUE5P5ZE3;
				GENERATE_INFOPLIST_FILE = YES;
				MARKETING_VERSION = 1.0;
				PRODUCT_BUNDLE_IDENTIFIER = com.naresh.LearniOSUITests;
				PRODUCT_NAME = "$(TARGET_NAME)";
				SWIFT_EMIT_LOC_STRINGS = NO;
				SWIFT_VERSION = 5.0;
				TARGETED_DEVICE_FAMILY = "1,2";
				TEST_TARGET_NAME = LearniOS;
			};
			name = Release;
		};
/* End XCBuildConfiguration section */

/* Begin XCConfigurationList section */
		6468B76F2B3D6C36000C7C02 /* Build configuration list for PBXProject "LearniOS" */ = {
			isa = XCConfigurationList;
			buildConfigurations = (
				6468B7962B3D6C37000C7C02 /* Debug */,
				6468B7972B3D6C37000C7C02 /* Release */,
			);
			defaultConfigurationIsVisible = 0;
			defaultConfigurationName = Release;
		};
		6468B7982B3D6C37000C7C02 /* Build configuration list for PBXNativeTarget "LearniOS" */ = {
			isa = XCConfigurationList;
			buildConfigurations = (
				6468B7992B3D6C37000C7C02 /* Debug */,
				6468B79A2B3D6C37000C7C02 /* Release */,
			);
			defaultConfigurationIsVisible = 0;
			defaultConfigurationName = Release;
		};
		6468B79B2B3D6C37000C7C02 /* Build configuration list for PBXNativeTarget "LearniOSTests" */ = {
			isa = XCConfigurationList;
			buildConfigurations = (
				6468B79C2B3D6C37000C7C02 /* Debug */,
				6468B79D2B3D6C37000C7C02 /* Release */,
			);
			defaultConfigurationIsVisible = 0;
			defaultConfigurationName = Release;
		};
		6468B79E2B3D6C37000C7C02 /* Build configuration list for PBXNativeTarget "LearniOSUITests" */ = {
			isa = XCConfigurationList;
			buildConfigurations = (
				6468B79F2B3D6C37000C7C02 /* Debug */,
				6468B7A02B3D6C37000C7C02 /* Release */,
			);
			defaultConfigurationIsVisible = 0;
			defaultConfigurationName = Release;
		};
/* End XCConfigurationList section */
	};
	rootObject = 6468B76C2B3D6C36000C7C02 /* Project object */;
}
